
Microsoft Visual Studio Solution File, Format Version 12.00
# Visual Studio 14
VisualStudioVersion = 14.0.25420.1
MinimumVisualStudioVersion = 10.0.40219.1
Project("{D954291E-2A0B-460D-934E-DC6B0785DB48}") = "TaskMaster", "TaskMaster\TaskMaster\TaskMaster.shproj", "{9E98C242-CFF7-42CB-ADCA-B110B818B1CC}"
EndProject
Project("{FAE04EC0-301F-11D3-BF4B-00C04F79EFBC}") = "TaskMaster.Android", "TaskMaster\TaskMaster.Android\TaskMaster.Android.csproj", "{A38114D8-F58C-43E1-B6C7-C1BBA14F7AA6}"
EndProject
Project("{FAE04EC0-301F-11D3-BF4B-00C04F79EFBC}") = "TaskMaster.iOS", "TaskMaster\TaskMaster.iOS\TaskMaster.iOS.csproj", "{B6117302-E5AD-42C0-B93D-04DEF9E39EB0}"
EndProject
Project("{FAE04EC0-301F-11D3-BF4B-00C04F79EFBC}") = "TaskMaster.UWP", "TaskMaster\TaskMaster.UWP\TaskMaster.UWP.csproj", "{8D6FA25E-6606-4148-9157-2588A9ABC2EF}"
EndProject
Project("{2150E333-8FDC-42A3-9474-1A3956D46DE8}") = "Mobile", "Mobile", "{35E5FE3E-A934-4EEE-83A0-9BBD9C11D264}"
EndProject
Project("{2150E333-8FDC-42A3-9474-1A3956D46DE8}") = "Shared", "Shared", "{398413FD-3CC3-4402-A907-0E56B7614572}"
	ProjectSection(SolutionItems) = preProject
		readme.txt = readme.txt
	EndProjectSection
EndProject
Project("{2150E333-8FDC-42A3-9474-1A3956D46DE8}") = "Web", "Web", "{9D4D3436-B1DA-4E9B-A9E7-325A7C63B8C2}"
EndProject
Project("{2150E333-8FDC-42A3-9474-1A3956D46DE8}") = "Tools", "Tools", "{4EAA3816-CCC3-4AD0-8AEA-C6877634B0F2}"
EndProject
Project("{FAE04EC0-301F-11D3-BF4B-00C04F79EFBC}") = "DAL", "DAL\DAL.csproj", "{6E529BA1-0F56-441D-A137-D1082AD0970E}"
EndProject
Global
	GlobalSection(SharedMSBuildProjectFiles) = preSolution
		TaskMaster\TaskMaster\TaskMaster.projitems*{8d6fa25e-6606-4148-9157-2588a9abc2ef}*SharedItemsImports = 4
		TaskMaster\TaskMaster\TaskMaster.projitems*{9e98c242-cff7-42cb-adca-b110b818b1cc}*SharedItemsImports = 13
		TaskMaster\TaskMaster\TaskMaster.projitems*{a38114d8-f58c-43e1-b6c7-c1bba14f7aa6}*SharedItemsImports = 4
		TaskMaster\TaskMaster\TaskMaster.projitems*{b6117302-e5ad-42c0-b93d-04def9e39eb0}*SharedItemsImports = 4
	EndGlobalSection
	GlobalSection(SolutionConfigurationPlatforms) = preSolution
		Ad-Hoc|Any CPU = Ad-Hoc|Any CPU
		Ad-Hoc|ARM = Ad-Hoc|ARM
		Ad-Hoc|iPhone = Ad-Hoc|iPhone
		Ad-Hoc|iPhoneSimulator = Ad-Hoc|iPhoneSimulator
		Ad-Hoc|x64 = Ad-Hoc|x64
		Ad-Hoc|x86 = Ad-Hoc|x86
		AppStore|Any CPU = AppStore|Any CPU
		AppStore|ARM = AppStore|ARM
		AppStore|iPhone = AppStore|iPhone
		AppStore|iPhoneSimulator = AppStore|iPhoneSimulator
		AppStore|x64 = AppStore|x64
		AppStore|x86 = AppStore|x86
		Debug|Any CPU = Debug|Any CPU
		Debug|ARM = Debug|ARM
		Debug|iPhone = Debug|iPhone
		Debug|iPhoneSimulator = Debug|iPhoneSimulator
		Debug|x64 = Debug|x64
		Debug|x86 = Debug|x86
		Release|Any CPU = Release|Any CPU
		Release|ARM = Release|ARM
		Release|iPhone = Release|iPhone
		Release|iPhoneSimulator = Release|iPhoneSimulator
		Release|x64 = Release|x64
		Release|x86 = Release|x86
	EndGlobalSection
	GlobalSection(ProjectConfigurationPlatforms) = postSolution
		{A38114D8-F58C-43E1-B6C7-C1BBA14F7AA6}.Ad-Hoc|Any CPU.ActiveCfg = Release|Any CPU
		{A38114D8-F58C-43E1-B6C7-C1BBA14F7AA6}.Ad-Hoc|Any CPU.Build.0 = Release|Any CPU
		{A38114D8-F58C-43E1-B6C7-C1BBA14F7AA6}.Ad-Hoc|Any CPU.Deploy.0 = Release|Any CPU
		{A38114D8-F58C-43E1-B6C7-C1BBA14F7AA6}.Ad-Hoc|ARM.ActiveCfg = Release|Any CPU
		{A38114D8-F58C-43E1-B6C7-C1BBA14F7AA6}.Ad-Hoc|ARM.Build.0 = Release|Any CPU
		{A38114D8-F58C-43E1-B6C7-C1BBA14F7AA6}.Ad-Hoc|ARM.Deploy.0 = Release|Any CPU
		{A38114D8-F58C-43E1-B6C7-C1BBA14F7AA6}.Ad-Hoc|iPhone.ActiveCfg = Release|Any CPU
		{A38114D8-F58C-43E1-B6C7-C1BBA14F7AA6}.Ad-Hoc|iPhone.Build.0 = Release|Any CPU
		{A38114D8-F58C-43E1-B6C7-C1BBA14F7AA6}.Ad-Hoc|iPhone.Deploy.0 = Release|Any CPU
		{A38114D8-F58C-43E1-B6C7-C1BBA14F7AA6}.Ad-Hoc|iPhoneSimulator.ActiveCfg = Release|Any CPU
		{A38114D8-F58C-43E1-B6C7-C1BBA14F7AA6}.Ad-Hoc|iPhoneSimulator.Build.0 = Release|Any CPU
		{A38114D8-F58C-43E1-B6C7-C1BBA14F7AA6}.Ad-Hoc|iPhoneSimulator.Deploy.0 = Release|Any CPU
		{A38114D8-F58C-43E1-B6C7-C1BBA14F7AA6}.Ad-Hoc|x64.ActiveCfg = Release|Any CPU
		{A38114D8-F58C-43E1-B6C7-C1BBA14F7AA6}.Ad-Hoc|x64.Build.0 = Release|Any CPU
		{A38114D8-F58C-43E1-B6C7-C1BBA14F7AA6}.Ad-Hoc|x64.Deploy.0 = Release|Any CPU
		{A38114D8-F58C-43E1-B6C7-C1BBA14F7AA6}.Ad-Hoc|x86.ActiveCfg = Release|Any CPU
		{A38114D8-F58C-43E1-B6C7-C1BBA14F7AA6}.Ad-Hoc|x86.Build.0 = Release|Any CPU
		{A38114D8-F58C-43E1-B6C7-C1BBA14F7AA6}.Ad-Hoc|x86.Deploy.0 = Release|Any CPU
		{A38114D8-F58C-43E1-B6C7-C1BBA14F7AA6}.AppStore|Any CPU.ActiveCfg = Release|Any CPU
		{A38114D8-F58C-43E1-B6C7-C1BBA14F7AA6}.AppStore|Any CPU.Build.0 = Release|Any CPU
		{A38114D8-F58C-43E1-B6C7-C1BBA14F7AA6}.AppStore|Any CPU.Deploy.0 = Release|Any CPU
		{A38114D8-F58C-43E1-B6C7-C1BBA14F7AA6}.AppStore|ARM.ActiveCfg = Release|Any CPU
		{A38114D8-F58C-43E1-B6C7-C1BBA14F7AA6}.AppStore|ARM.Build.0 = Release|Any CPU
		{A38114D8-F58C-43E1-B6C7-C1BBA14F7AA6}.AppStore|ARM.Deploy.0 = Release|Any CPU
		{A38114D8-F58C-43E1-B6C7-C1BBA14F7AA6}.AppStore|iPhone.ActiveCfg = Release|Any CPU
		{A38114D8-F58C-43E1-B6C7-C1BBA14F7AA6}.AppStore|iPhone.Build.0 = Release|Any CPU
		{A38114D8-F58C-43E1-B6C7-C1BBA14F7AA6}.AppStore|iPhone.Deploy.0 = Release|Any CPU
		{A38114D8-F58C-43E1-B6C7-C1BBA14F7AA6}.AppStore|iPhoneSimulator.ActiveCfg = Release|Any CPU
		{A38114D8-F58C-43E1-B6C7-C1BBA14F7AA6}.AppStore|iPhoneSimulator.Build.0 = Release|Any CPU
		{A38114D8-F58C-43E1-B6C7-C1BBA14F7AA6}.AppStore|iPhoneSimulator.Deploy.0 = Release|Any CPU
		{A38114D8-F58C-43E1-B6C7-C1BBA14F7AA6}.AppStore|x64.ActiveCfg = Release|Any CPU
		{A38114D8-F58C-43E1-B6C7-C1BBA14F7AA6}.AppStore|x64.Build.0 = Release|Any CPU
		{A38114D8-F58C-43E1-B6C7-C1BBA14F7AA6}.AppStore|x64.Deploy.0 = Release|Any CPU
		{A38114D8-F58C-43E1-B6C7-C1BBA14F7AA6}.AppStore|x86.ActiveCfg = Release|Any CPU
		{A38114D8-F58C-43E1-B6C7-C1BBA14F7AA6}.AppStore|x86.Build.0 = Release|Any CPU
		{A38114D8-F58C-43E1-B6C7-C1BBA14F7AA6}.AppStore|x86.Deploy.0 = Release|Any CPU
		{A38114D8-F58C-43E1-B6C7-C1BBA14F7AA6}.Debug|Any CPU.ActiveCfg = Debug|Any CPU
		{A38114D8-F58C-43E1-B6C7-C1BBA14F7AA6}.Debug|Any CPU.Build.0 = Debug|Any CPU
		{A38114D8-F58C-43E1-B6C7-C1BBA14F7AA6}.Debug|Any CPU.Deploy.0 = Debug|Any CPU
		{A38114D8-F58C-43E1-B6C7-C1BBA14F7AA6}.Debug|ARM.ActiveCfg = Debug|Any CPU
		{A38114D8-F58C-43E1-B6C7-C1BBA14F7AA6}.Debug|ARM.Build.0 = Debug|Any CPU
		{A38114D8-F58C-43E1-B6C7-C1BBA14F7AA6}.Debug|ARM.Deploy.0 = Debug|Any CPU
		{A38114D8-F58C-43E1-B6C7-C1BBA14F7AA6}.Debug|iPhone.ActiveCfg = Debug|Any CPU
		{A38114D8-F58C-43E1-B6C7-C1BBA14F7AA6}.Debug|iPhone.Build.0 = Debug|Any CPU
		{A38114D8-F58C-43E1-B6C7-C1BBA14F7AA6}.Debug|iPhone.Deploy.0 = Debug|Any CPU
		{A38114D8-F58C-43E1-B6C7-C1BBA14F7AA6}.Debug|iPhoneSimulator.ActiveCfg = Debug|Any CPU
		{A38114D8-F58C-43E1-B6C7-C1BBA14F7AA6}.Debug|iPhoneSimulator.Build.0 = Debug|Any CPU
		{A38114D8-F58C-43E1-B6C7-C1BBA14F7AA6}.Debug|iPhoneSimulator.Deploy.0 = Debug|Any CPU
		{A38114D8-F58C-43E1-B6C7-C1BBA14F7AA6}.Debug|x64.ActiveCfg = Debug|Any CPU
		{A38114D8-F58C-43E1-B6C7-C1BBA14F7AA6}.Debug|x64.Build.0 = Debug|Any CPU
		{A38114D8-F58C-43E1-B6C7-C1BBA14F7AA6}.Debug|x64.Deploy.0 = Debug|Any CPU
		{A38114D8-F58C-43E1-B6C7-C1BBA14F7AA6}.Debug|x86.ActiveCfg = Debug|Any CPU
		{A38114D8-F58C-43E1-B6C7-C1BBA14F7AA6}.Debug|x86.Build.0 = Debug|Any CPU
		{A38114D8-F58C-43E1-B6C7-C1BBA14F7AA6}.Debug|x86.Deploy.0 = Debug|Any CPU
		{A38114D8-F58C-43E1-B6C7-C1BBA14F7AA6}.Release|Any CPU.ActiveCfg = Release|Any CPU
		{A38114D8-F58C-43E1-B6C7-C1BBA14F7AA6}.Release|Any CPU.Build.0 = Release|Any CPU
		{A38114D8-F58C-43E1-B6C7-C1BBA14F7AA6}.Release|Any CPU.Deploy.0 = Release|Any CPU
		{A38114D8-F58C-43E1-B6C7-C1BBA14F7AA6}.Release|ARM.ActiveCfg = Release|Any CPU
		{A38114D8-F58C-43E1-B6C7-C1BBA14F7AA6}.Release|ARM.Build.0 = Release|Any CPU
		{A38114D8-F58C-43E1-B6C7-C1BBA14F7AA6}.Release|ARM.Deploy.0 = Release|Any CPU
		{A38114D8-F58C-43E1-B6C7-C1BBA14F7AA6}.Release|iPhone.ActiveCfg = Release|Any CPU
		{A38114D8-F58C-43E1-B6C7-C1BBA14F7AA6}.Release|iPhone.Build.0 = Release|Any CPU
		{A38114D8-F58C-43E1-B6C7-C1BBA14F7AA6}.Release|iPhone.Deploy.0 = Release|Any CPU
		{A38114D8-F58C-43E1-B6C7-C1BBA14F7AA6}.Release|iPhoneSimulator.ActiveCfg = Release|Any CPU
		{A38114D8-F58C-43E1-B6C7-C1BBA14F7AA6}.Release|iPhoneSimulator.Build.0 = Release|Any CPU
		{A38114D8-F58C-43E1-B6C7-C1BBA14F7AA6}.Release|iPhoneSimulator.Deploy.0 = Release|Any CPU
		{A38114D8-F58C-43E1-B6C7-C1BBA14F7AA6}.Release|x64.ActiveCfg = Release|Any CPU
		{A38114D8-F58C-43E1-B6C7-C1BBA14F7AA6}.Release|x64.Build.0 = Release|Any CPU
		{A38114D8-F58C-43E1-B6C7-C1BBA14F7AA6}.Release|x64.Deploy.0 = Release|Any CPU
		{A38114D8-F58C-43E1-B6C7-C1BBA14F7AA6}.Release|x86.ActiveCfg = Release|Any CPU
		{A38114D8-F58C-43E1-B6C7-C1BBA14F7AA6}.Release|x86.Build.0 = Release|Any CPU
		{A38114D8-F58C-43E1-B6C7-C1BBA14F7AA6}.Release|x86.Deploy.0 = Release|Any CPU
		{B6117302-E5AD-42C0-B93D-04DEF9E39EB0}.Ad-Hoc|Any CPU.ActiveCfg = Ad-Hoc|iPhone
		{B6117302-E5AD-42C0-B93D-04DEF9E39EB0}.Ad-Hoc|ARM.ActiveCfg = Ad-Hoc|iPhone
		{B6117302-E5AD-42C0-B93D-04DEF9E39EB0}.Ad-Hoc|iPhone.ActiveCfg = Ad-Hoc|iPhone
		{B6117302-E5AD-42C0-B93D-04DEF9E39EB0}.Ad-Hoc|iPhone.Build.0 = Ad-Hoc|iPhone
		{B6117302-E5AD-42C0-B93D-04DEF9E39EB0}.Ad-Hoc|iPhoneSimulator.ActiveCfg = Ad-Hoc|iPhoneSimulator
		{B6117302-E5AD-42C0-B93D-04DEF9E39EB0}.Ad-Hoc|iPhoneSimulator.Build.0 = Ad-Hoc|iPhoneSimulator
		{B6117302-E5AD-42C0-B93D-04DEF9E39EB0}.Ad-Hoc|x64.ActiveCfg = Ad-Hoc|iPhone
		{B6117302-E5AD-42C0-B93D-04DEF9E39EB0}.Ad-Hoc|x86.ActiveCfg = Ad-Hoc|iPhone
		{B6117302-E5AD-42C0-B93D-04DEF9E39EB0}.AppStore|Any CPU.ActiveCfg = AppStore|iPhone
		{B6117302-E5AD-42C0-B93D-04DEF9E39EB0}.AppStore|ARM.ActiveCfg = AppStore|iPhone
		{B6117302-E5AD-42C0-B93D-04DEF9E39EB0}.AppStore|iPhone.ActiveCfg = AppStore|iPhone
		{B6117302-E5AD-42C0-B93D-04DEF9E39EB0}.AppStore|iPhone.Build.0 = AppStore|iPhone
		{B6117302-E5AD-42C0-B93D-04DEF9E39EB0}.AppStore|iPhoneSimulator.ActiveCfg = AppStore|iPhoneSimulator
		{B6117302-E5AD-42C0-B93D-04DEF9E39EB0}.AppStore|iPhoneSimulator.Build.0 = AppStore|iPhoneSimulator
		{B6117302-E5AD-42C0-B93D-04DEF9E39EB0}.AppStore|x64.ActiveCfg = AppStore|iPhone
		{B6117302-E5AD-42C0-B93D-04DEF9E39EB0}.AppStore|x86.ActiveCfg = AppStore|iPhone
		{B6117302-E5AD-42C0-B93D-04DEF9E39EB0}.Debug|Any CPU.ActiveCfg = Debug|iPhone
		{B6117302-E5AD-42C0-B93D-04DEF9E39EB0}.Debug|ARM.ActiveCfg = Debug|iPhone
		{B6117302-E5AD-42C0-B93D-04DEF9E39EB0}.Debug|iPhone.ActiveCfg = Debug|iPhone
		{B6117302-E5AD-42C0-B93D-04DEF9E39EB0}.Debug|iPhone.Build.0 = Debug|iPhone
		{B6117302-E5AD-42C0-B93D-04DEF9E39EB0}.Debug|iPhoneSimulator.ActiveCfg = Debug|iPhoneSimulator
		{B6117302-E5AD-42C0-B93D-04DEF9E39EB0}.Debug|iPhoneSimulator.Build.0 = Debug|iPhoneSimulator
		{B6117302-E5AD-42C0-B93D-04DEF9E39EB0}.Debug|x64.ActiveCfg = Debug|iPhone
		{B6117302-E5AD-42C0-B93D-04DEF9E39EB0}.Debug|x86.ActiveCfg = Debug|iPhone
		{B6117302-E5AD-42C0-B93D-04DEF9E39EB0}.Release|Any CPU.ActiveCfg = Release|iPhone
		{B6117302-E5AD-42C0-B93D-04DEF9E39EB0}.Release|ARM.ActiveCfg = Release|iPhone
		{B6117302-E5AD-42C0-B93D-04DEF9E39EB0}.Release|iPhone.ActiveCfg = Release|iPhone
		{B6117302-E5AD-42C0-B93D-04DEF9E39EB0}.Release|iPhone.Build.0 = Release|iPhone
		{B6117302-E5AD-42C0-B93D-04DEF9E39EB0}.Release|iPhoneSimulator.ActiveCfg = Release|iPhoneSimulator
		{B6117302-E5AD-42C0-B93D-04DEF9E39EB0}.Release|iPhoneSimulator.Build.0 = Release|iPhoneSimulator
		{B6117302-E5AD-42C0-B93D-04DEF9E39EB0}.Release|x64.ActiveCfg = Release|iPhone
		{B6117302-E5AD-42C0-B93D-04DEF9E39EB0}.Release|x86.ActiveCfg = Release|iPhone
		{8D6FA25E-6606-4148-9157-2588A9ABC2EF}.Ad-Hoc|Any CPU.ActiveCfg = Release|x86
		{8D6FA25E-6606-4148-9157-2588A9ABC2EF}.Ad-Hoc|Any CPU.Build.0 = Release|x86
		{8D6FA25E-6606-4148-9157-2588A9ABC2EF}.Ad-Hoc|Any CPU.Deploy.0 = Release|x86
		{8D6FA25E-6606-4148-9157-2588A9ABC2EF}.Ad-Hoc|ARM.ActiveCfg = Release|ARM
		{8D6FA25E-6606-4148-9157-2588A9ABC2EF}.Ad-Hoc|ARM.Build.0 = Release|ARM
		{8D6FA25E-6606-4148-9157-2588A9ABC2EF}.Ad-Hoc|ARM.Deploy.0 = Release|ARM
		{8D6FA25E-6606-4148-9157-2588A9ABC2EF}.Ad-Hoc|iPhone.ActiveCfg = Release|x86
		{8D6FA25E-6606-4148-9157-2588A9ABC2EF}.Ad-Hoc|iPhone.Build.0 = Release|x86
		{8D6FA25E-6606-4148-9157-2588A9ABC2EF}.Ad-Hoc|iPhone.Deploy.0 = Release|x86
		{8D6FA25E-6606-4148-9157-2588A9ABC2EF}.Ad-Hoc|iPhoneSimulator.ActiveCfg = Release|x86
		{8D6FA25E-6606-4148-9157-2588A9ABC2EF}.Ad-Hoc|iPhoneSimulator.Build.0 = Release|x86
		{8D6FA25E-6606-4148-9157-2588A9ABC2EF}.Ad-Hoc|iPhoneSimulator.Deploy.0 = Release|x86
		{8D6FA25E-6606-4148-9157-2588A9ABC2EF}.Ad-Hoc|x64.ActiveCfg = Release|x64
		{8D6FA25E-6606-4148-9157-2588A9ABC2EF}.Ad-Hoc|x64.Build.0 = Release|x64
		{8D6FA25E-6606-4148-9157-2588A9ABC2EF}.Ad-Hoc|x64.Deploy.0 = Release|x64
		{8D6FA25E-6606-4148-9157-2588A9ABC2EF}.Ad-Hoc|x86.ActiveCfg = Release|x86
		{8D6FA25E-6606-4148-9157-2588A9ABC2EF}.Ad-Hoc|x86.Build.0 = Release|x86
		{8D6FA25E-6606-4148-9157-2588A9ABC2EF}.Ad-Hoc|x86.Deploy.0 = Release|x86
		{8D6FA25E-6606-4148-9157-2588A9ABC2EF}.AppStore|Any CPU.ActiveCfg = Release|x86
		{8D6FA25E-6606-4148-9157-2588A9ABC2EF}.AppStore|Any CPU.Build.0 = Release|x86
		{8D6FA25E-6606-4148-9157-2588A9ABC2EF}.AppStore|Any CPU.Deploy.0 = Release|x86
		{8D6FA25E-6606-4148-9157-2588A9ABC2EF}.AppStore|ARM.ActiveCfg = Release|ARM
		{8D6FA25E-6606-4148-9157-2588A9ABC2EF}.AppStore|ARM.Build.0 = Release|ARM
		{8D6FA25E-6606-4148-9157-2588A9ABC2EF}.AppStore|ARM.Deploy.0 = Release|ARM
		{8D6FA25E-6606-4148-9157-2588A9ABC2EF}.AppStore|iPhone.ActiveCfg = Release|x86
		{8D6FA25E-6606-4148-9157-2588A9ABC2EF}.AppStore|iPhone.Build.0 = Release|x86
		{8D6FA25E-6606-4148-9157-2588A9ABC2EF}.AppStore|iPhone.Deploy.0 = Release|x86
		{8D6FA25E-6606-4148-9157-2588A9ABC2EF}.AppStore|iPhoneSimulator.ActiveCfg = Release|x86
		{8D6FA25E-6606-4148-9157-2588A9ABC2EF}.AppStore|iPhoneSimulator.Build.0 = Release|x86
		{8D6FA25E-6606-4148-9157-2588A9ABC2EF}.AppStore|iPhoneSimulator.Deploy.0 = Release|x86
		{8D6FA25E-6606-4148-9157-2588A9ABC2EF}.AppStore|x64.ActiveCfg = Release|x64
		{8D6FA25E-6606-4148-9157-2588A9ABC2EF}.AppStore|x64.Build.0 = Release|x64
		{8D6FA25E-6606-4148-9157-2588A9ABC2EF}.AppStore|x64.Deploy.0 = Release|x64
		{8D6FA25E-6606-4148-9157-2588A9ABC2EF}.AppStore|x86.ActiveCfg = Release|x86
		{8D6FA25E-6606-4148-9157-2588A9ABC2EF}.AppStore|x86.Build.0 = Release|x86
		{8D6FA25E-6606-4148-9157-2588A9ABC2EF}.AppStore|x86.Deploy.0 = Release|x86
		{8D6FA25E-6606-4148-9157-2588A9ABC2EF}.Debug|Any CPU.ActiveCfg = Debug|x86
		{8D6FA25E-6606-4148-9157-2588A9ABC2EF}.Debug|ARM.ActiveCfg = Debug|ARM
		{8D6FA25E-6606-4148-9157-2588A9ABC2EF}.Debug|ARM.Build.0 = Debug|ARM
		{8D6FA25E-6606-4148-9157-2588A9ABC2EF}.Debug|ARM.Deploy.0 = Debug|ARM
		{8D6FA25E-6606-4148-9157-2588A9ABC2EF}.Debug|iPhone.ActiveCfg = Debug|x86
		{8D6FA25E-6606-4148-9157-2588A9ABC2EF}.Debug|iPhoneSimulator.ActiveCfg = Debug|x86
		{8D6FA25E-6606-4148-9157-2588A9ABC2EF}.Debug|x64.ActiveCfg = Debug|x64
		{8D6FA25E-6606-4148-9157-2588A9ABC2EF}.Debug|x64.Build.0 = Debug|x64
		{8D6FA25E-6606-4148-9157-2588A9ABC2EF}.Debug|x64.Deploy.0 = Debug|x64
		{8D6FA25E-6606-4148-9157-2588A9ABC2EF}.Debug|x86.ActiveCfg = Debug|x86
		{8D6FA25E-6606-4148-9157-2588A9ABC2EF}.Debug|x86.Build.0 = Debug|x86
		{8D6FA25E-6606-4148-9157-2588A9ABC2EF}.Debug|x86.Deploy.0 = Debug|x86
		{8D6FA25E-6606-4148-9157-2588A9ABC2EF}.Release|Any CPU.ActiveCfg = Release|x86
		{8D6FA25E-6606-4148-9157-2588A9ABC2EF}.Release|ARM.ActiveCfg = Release|ARM
		{8D6FA25E-6606-4148-9157-2588A9ABC2EF}.Release|ARM.Build.0 = Release|ARM
		{8D6FA25E-6606-4148-9157-2588A9ABC2EF}.Release|ARM.Deploy.0 = Release|ARM
		{8D6FA25E-6606-4148-9157-2588A9ABC2EF}.Release|iPhone.ActiveCfg = Release|x86
		{8D6FA25E-6606-4148-9157-2588A9ABC2EF}.Release|iPhoneSimulator.ActiveCfg = Release|x86
		{8D6FA25E-6606-4148-9157-2588A9ABC2EF}.Release|x64.ActiveCfg = Release|x64
		{8D6FA25E-6606-4148-9157-2588A9ABC2EF}.Release|x64.Build.0 = Release|x64
		{8D6FA25E-6606-4148-9157-2588A9ABC2EF}.Release|x64.Deploy.0 = Release|x64
		{8D6FA25E-6606-4148-9157-2588A9ABC2EF}.Release|x86.ActiveCfg = Release|x86
		{8D6FA25E-6606-4148-9157-2588A9ABC2EF}.Release|x86.Build.0 = Release|x86
		{8D6FA25E-6606-4148-9157-2588A9ABC2EF}.Release|x86.Deploy.0 = Release|x86
		{6E529BA1-0F56-441D-A137-D1082AD0970E}.Ad-Hoc|Any CPU.ActiveCfg = Release|Any CPU
		{6E529BA1-0F56-441D-A137-D1082AD0970E}.Ad-Hoc|Any CPU.Build.0 = Release|Any CPU
		{6E529BA1-0F56-441D-A137-D1082AD0970E}.Ad-Hoc|ARM.ActiveCfg = Release|Any CPU
		{6E529BA1-0F56-441D-A137-D1082AD0970E}.Ad-Hoc|ARM.Build.0 = Release|Any CPU
		{6E529BA1-0F56-441D-A137-D1082AD0970E}.Ad-Hoc|iPhone.ActiveCfg = Release|Any CPU
		{6E529BA1-0F56-441D-A137-D1082AD0970E}.Ad-Hoc|iPhone.Build.0 = Release|Any CPU
		{6E529BA1-0F56-441D-A137-D1082AD0970E}.Ad-Hoc|iPhoneSimulator.ActiveCfg = Release|Any CPU
		{6E529BA1-0F56-441D-A137-D1082AD0970E}.Ad-Hoc|iPhoneSimulator.Build.0 = Release|Any CPU
		{6E529BA1-0F56-441D-A137-D1082AD0970E}.Ad-Hoc|x64.ActiveCfg = Release|Any CPU
		{6E529BA1-0F56-441D-A137-D1082AD0970E}.Ad-Hoc|x64.Build.0 = Release|Any CPU
		{6E529BA1-0F56-441D-A137-D1082AD0970E}.Ad-Hoc|x86.ActiveCfg = Release|Any CPU
		{6E529BA1-0F56-441D-A137-D1082AD0970E}.Ad-Hoc|x86.Build.0 = Release|Any CPU
		{6E529BA1-0F56-441D-A137-D1082AD0970E}.AppStore|Any CPU.ActiveCfg = Release|Any CPU
		{6E529BA1-0F56-441D-A137-D1082AD0970E}.AppStore|Any CPU.Build.0 = Release|Any CPU
		{6E529BA1-0F56-441D-A137-D1082AD0970E}.AppStore|ARM.ActiveCfg = Release|Any CPU
		{6E529BA1-0F56-441D-A137-D1082AD0970E}.AppStore|ARM.Build.0 = Release|Any CPU
		{6E529BA1-0F56-441D-A137-D1082AD0970E}.AppStore|iPhone.ActiveCfg = Release|Any CPU
		{6E529BA1-0F56-441D-A137-D1082AD0970E}.AppStore|iPhone.Build.0 = Release|Any CPU
		{6E529BA1-0F56-441D-A137-D1082AD0970E}.AppStore|iPhoneSimulator.ActiveCfg = Release|Any CPU
		{6E529BA1-0F56-441D-A137-D1082AD0970E}.AppStore|iPhoneSimulator.Build.0 = Release|Any CPU
		{6E529BA1-0F56-441D-A137-D1082AD0970E}.AppStore|x64.ActiveCfg = Release|Any CPU
		{6E529BA1-0F56-441D-A137-D1082AD0970E}.AppStore|x64.Build.0 = Release|Any CPU
		{6E529BA1-0F56-441D-A137-D1082AD0970E}.AppStore|x86.ActiveCfg = Release|Any CPU
		{6E529BA1-0F56-441D-A137-D1082AD0970E}.AppStore|x86.Build.0 = Release|Any CPU
		{6E529BA1-0F56-441D-A137-D1082AD0970E}.Debug|Any CPU.ActiveCfg = Debug|Any CPU
		{6E529BA1-0F56-441D-A137-D1082AD0970E}.Debug|Any CPU.Build.0 = Debug|Any CPU
		{6E529BA1-0F56-441D-A137-D1082AD0970E}.Debug|ARM.ActiveCfg = Debug|Any CPU
		{6E529BA1-0F56-441D-A137-D1082AD0970E}.Debug|ARM.Build.0 = Debug|Any CPU
		{6E529BA1-0F56-441D-A137-D1082AD0970E}.Debug|iPhone.ActiveCfg = Debug|Any CPU
		{6E529BA1-0F56-441D-A137-D1082AD0970E}.Debug|iPhone.Build.0 = Debug|Any CPU
		{6E529BA1-0F56-441D-A137-D1082AD0970E}.Debug|iPhoneSimulator.ActiveCfg = Debug|Any CPU
		{6E529BA1-0F56-441D-A137-D1082AD0970E}.Debug|iPhoneSimulator.Build.0 = Debug|Any CPU
		{6E529BA1-0F56-441D-A137-D1082AD0970E}.Debug|x64.ActiveCfg = Debug|Any CPU
		{6E529BA1-0F56-441D-A137-D1082AD0970E}.Debug|x64.Build.0 = Debug|Any CPU
		{6E529BA1-0F56-441D-A137-D1082AD0970E}.Debug|x86.ActiveCfg = Debug|Any CPU
		{6E529BA1-0F56-441D-A137-D1082AD0970E}.Debug|x86.Build.0 = Debug|Any CPU
		{6E529BA1-0F56-441D-A137-D1082AD0970E}.Release|Any CPU.ActiveCfg = Release|Any CPU
		{6E529BA1-0F56-441D-A137-D1082AD0970E}.Release|Any CPU.Build.0 = Release|Any CPU
		{6E529BA1-0F56-441D-A137-D1082AD0970E}.Release|ARM.ActiveCfg = Release|Any CPU
		{6E529BA1-0F56-441D-A137-D1082AD0970E}.Release|ARM.Build.0 = Release|Any CPU
		{6E529BA1-0F56-441D-A137-D1082AD0970E}.Release|iPhone.ActiveCfg = Release|Any CPU
		{6E529BA1-0F56-441D-A137-D1082AD0970E}.Release|iPhone.Build.0 = Release|Any CPU
		{6E529BA1-0F56-441D-A137-D1082AD0970E}.Release|iPhoneSimulator.ActiveCfg = Release|Any CPU
		{6E529BA1-0F56-441D-A137-D1082AD0970E}.Release|iPhoneSimulator.Build.0 = Release|Any CPU
		{6E529BA1-0F56-441D-A137-D1082AD0970E}.Release|x64.ActiveCfg = Release|Any CPU
		{6E529BA1-0F56-441D-A137-D1082AD0970E}.Release|x64.Build.0 = Release|Any CPU
		{6E529BA1-0F56-441D-A137-D1082AD0970E}.Release|x86.ActiveCfg = Release|Any CPU
		{6E529BA1-0F56-441D-A137-D1082AD0970E}.Release|x86.Build.0 = Release|Any CPU
	EndGlobalSection
	GlobalSection(SolutionProperties) = preSolution
		HideSolutionNode = FALSE
	EndGlobalSection
	GlobalSection(NestedProjects) = preSolution
		{9E98C242-CFF7-42CB-ADCA-B110B818B1CC} = {35E5FE3E-A934-4EEE-83A0-9BBD9C11D264}
		{A38114D8-F58C-43E1-B6C7-C1BBA14F7AA6} = {35E5FE3E-A934-4EEE-83A0-9BBD9C11D264}
		{B6117302-E5AD-42C0-B93D-04DEF9E39EB0} = {35E5FE3E-A934-4EEE-83A0-9BBD9C11D264}
		{8D6FA25E-6606-4148-9157-2588A9ABC2EF} = {35E5FE3E-A934-4EEE-83A0-9BBD9C11D264}
		{6E529BA1-0F56-441D-A137-D1082AD0970E} = {9D4D3436-B1DA-4E9B-A9E7-325A7C63B8C2}
	EndGlobalSection
EndGlobal
